
Microsoft Visual Studio Solution File, Format Version 12.00
# Visual Studio Version 17
VisualStudioVersion = 17.13.35931.197
MinimumVisualStudioVersion = 10.0.40219.1
Project("{FAE04EC0-301F-11D3-BF4B-00C04F79EFBC}") = "Ex_02", "Ex_02\Ex_02.csproj", "{EEE59F34-05D2-4509-9C6C-BA81CA7739D6}"
EndProject
Global
	GlobalSection(SolutionConfigurationPlatforms) = preSolution
		Debug|Any CPU = Debug|Any CPU
		Release|Any CPU = Release|Any CPU
	EndGlobalSection
	GlobalSection(ProjectConfigurationPlatforms) = postSolution
		{EEE59F34-05D2-4509-9C6C-BA81CA7739D6}.Debug|Any CPU.ActiveCfg = Debug|Any CPU
		{EEE59F34-05D2-4509-9C6C-BA81CA7739D6}.Debug|Any CPU.Build.0 = Debug|Any CPU
		{EEE59F34-05D2-4509-9C6C-BA81CA7739D6}.Release|Any CPU.ActiveCfg = Release|Any CPU
		{EEE59F34-05D2-4509-9C6C-BA81CA7739D6}.Release|Any CPU.Build.0 = Release|Any CPU
	EndGlobalSection
	GlobalSection(SolutionProperties) = preSolution
		HideSolutionNode = FALSE
	EndGlobalSection
	GlobalSection(ExtensibilityGlobals) = postSolution
		SolutionGuid = {C2C7AB45-AE46-4ADF-9F46-916421BA486A}
	EndGlobalSection
EndGlobal
